buf.build/gen/go/bufbuild/protovalidate/protocolbuffers/go v1.36.11-20260415201107-50325440f8f2.1 h1:s6hzCXtND/ICdGPTMGk7C+/BFlr2Jg5GyH0NKf4XGXg=
buf.build/gen/go/bufbuild/protovalidate/protocolbuffers/go v1.36.11-20260415201107-50325440f8f2.1/go.mod h1:tvtbpgaVXZX4g6Pn+AnzFycuRK3MOz5HJfEGeEllXYM=
buf.build/gen/go/bufbuild/registry/connectrpc/go v1.19.1-20251027152159-f1066ce064ca.2 h1:Dbh4Edwy5qHlz1/boPAQ7T5Q7ZDMgEuQlEbXa94+JEo=
buf.build/gen/go/bufbuild/registry/connectrpc/go v1.19.1-20251027152159-f1066ce064ca.2/go.mod h1:SqqTA3aiYVDkpDINxgbxDT6QBjkVjdqUXtbiz6DiWIg=
buf.build/gen/go/bufbuild/registry/protocolbuffers/go v1.36.10-20251027152159-f1066ce064ca.1 h1:5tUFlRgcC+N2JJtjwlwyb2J4bBk/bJYLXk50zlewtzk=
buf.build/gen/go/bufbuild/registry/protocolbuffers/go v1.36.10-20251027152159-f1066ce064ca.1/go.mod h1:AaYXXeRvnOc151wEuupAmn58Mh9bccKce2kk3QKMIrQ=
buf.build/gen/go/connectrpc/eliza/protocolbuffers/go v1.36.11-20230913231627-233fca715f49.1 h1:xjZ4zgRFd6PmzJtCNiShiaUJutlTSyMucmwI5DtdPWw=
buf.build/gen/go/connectrpc/eliza/protocolbuffers/go v1.36.11-20230913231627-233fca715f49.1/go.mod h1:kmRSlmVl/HxXLf/g5I/cnxFc0DlcSADUrlrv0rQ3LuY=
buf.build/gen/go/grpc/grpc/connectrpc/go v1.19.1-20260203201457-e126be52bace.2 h1:5rRRevXCCDGcqOQbQYuluipY2+agg5/bKwqZcN45tsc=
buf.build/gen/go/grpc/grpc/connectrpc/go v1.19.1-20260203201457-e126be52bace.2/go.mod h1:Y6BAa3OBWBLDIU1536Ec/J3Iob9uMFD0mDNU1y85keY=
buf.build/gen/go/grpc/grpc/protocolbuffers/go v1.36.10-20260203201457-e126be52bace.1 h1:MUasyuZaIjCybkub89mF5xu3E2aGYtSzfzckLJ+vGtk=
buf.build/gen/go/grpc/grpc/protocolbuffers/go v1.36.10-20260203201457-e126be52bace.1/go.mod h1:7tIDDj2K/mHK1HNGA+EsjvS1drDXY99q64fxPmkQiu4=
buf.build/go/protovalidate v1.1.2 h1:83vYHoY8f34hB8MeitGaYE3CGVPFxwdEUuskh5qQpA0=
buf.build/go/protovalidate v1.1.2/go.mod h1:Ez3z+w4c+wG+EpW8ovgZaZPnPl2XVF6kaxgcv1NG/QE=
buf.build/go/protoyaml v0.6.0 h1:Nzz1lvcXF8YgNZXk+voPPwdU8FjDPTUV4ndNTXN0n2w=
buf.build/go/protoyaml v0.6.0/go.mod h1:RgUOsBu/GYKLDSIRgQXniXbNgFlGEZnQpRAUdLAFV2Q=
cel.dev/expr v0.25.1 h1:1KrZg61W6TWSxuNZ37Xy49ps13NUovb66QLprthtwi4=
cel.dev/expr v0.25.1/go.mod h1:hrXvqGP6G6gyx8UAHSHJ5RGk//1Oj5nXQ2NI02Nrsg4=
connectrpc.com/connect v1.19.1 h1:R5M57z05+90EfEvCY1b7hBxDVOUl45PrtXtAV2fOC14=
connectrpc.com/connect v1.19.1/go.mod h1:tN20fjdGlewnSFeZxLKb0xwIZ6ozc3OQs2hTXy4du9w=
github.com/antlr4-go/antlr/v4 v4.13.1 h1:SqQKkuVZ+zWkMMNkjy5FZe5mr5WURWnlpmOuzYWrPrQ=
github.com/antlr4-go/antlr/v4 v4.13.1/go.mod h1:GKmUxMtwp6ZgGwZSva4eWPC5mS6vUAmOABFgjdkM7Nw=
github.com/brianvoe/gofakeit/v6 v6.28.0 h1:Xib46XXuQfmlLS2EXRuJpqcw8St6qSZz75OUo0tgAW4=
github.com/brianvoe/gofakeit/v6 v6.28.0/go.mod h1:Xj58BMSnFqcn/fAQeSK+/PLtC5kSb7FJIq4JyGa8vEs=
github.com/brianvoe/gofakeit/v7 v7.8.1 h1:ZrN4tC2moLTOm6rjrE+dxlDA9bNH1v71LX8Nal1eyV4=
github.com/brianvoe/gofakeit/v7 v7.8.1/go.mod h1:QXuPeBw164PJCzCUZVmgpgHJ3Llj49jSLVkKPMtxtxA=
github.com/bufbuild/protocompile v0.14.1 h1:iA73zAf/fyljNjQKwYzUHD6AD4R8KMasmwa/FBatYVw=
github.com/bufbuild/protocompile v0.14.1/go.mod h1:ppVdAIhbr2H8asPk6k4pY7t9zB1OU5DoEw9xY/FUi1c=
github.com/davecgh/go-spew v1.1.1 h1:vj9j/u1bqnvCEfJOwUhtlOARqs3+rkHYY13jYWTU97c=
github.com/davecgh/go-spew v1.1.1/go.mod h1:J7Y8YcW2NihsgmVo/mv3lAwl/skON4iLHjSsI+c5H38=
github.com/google/cel-go v0.27.0 h1:e7ih85+4qVrBuqQWTW4FKSqZYokVuc3HnhH5keboFTo=
github.com/google/cel-go v0.27.0/go.mod h1:tTJ11FWqnhw5KKpnWpvW9CJC3Y9GK4EIS0WXnBbebzw=
github.com/google/go-cmp v0.7.0 h1:wk8382ETsv4JYUZwIsn6YpYiWiBsYLSJiTsyBybVuN8=
github.com/google/go-cmp v0.7.0/go.mod h1:pXiqmnSA92OHEEa9HXL2W4E7lf9JzCmGVUdgjX3N/iU=
github.com/kr/pretty v0.1.0 h1:L/CwN0zerZDmRFUapSPitk6f+Q3+0za1rQkzVuMiMFI=
github.com/kr/pretty v0.1.0/go.mod h1:dAy3ld7l9f0ibDNOQOHHMYYIIbhfbHSm3C4ZsoJORNo=
github.com/kr/text v0.2.0 h1:5Nx0Ya0ZqY2ygV366QzturHI13Jq95ApcVaJBhpS+AY=
github.com/kr/text v0.2.0/go.mod h1:eLer722TekiGuMkidMxC/pM04lWEeraHUUmBw8l2grE=
github.com/pmezard/go-difflib v1.0.0 h1:4DBwDE0NGyQoBHbLQYPwSUPoCMWR5BEzIk/f1lZbAQM=
github.com/pmezard/go-difflib v1.0.0/go.mod h1:iKH77koFhYxTK1pcRnkKkqfTogsbg7gZNVY4sRDYZ/4=
github.com/rodaine/protogofakeit v0.1.1 h1:ZKouljuRM3A+TArppfBqnH8tGZHOwM/pjvtXe9DaXH8=
github.com/rodaine/protogofakeit v0.1.1/go.mod h1:pXn/AstBYMaSfc1/RqH3N82pBuxtWgejz1AlYpY1mI0=
github.com/stretchr/testify v1.11.1 h1:7s2iGBzp5EwR7/aIZr8ao5+dra3wiQyKjjFuvgVKu7U=
github.com/stretchr/testify v1.11.1/go.mod h1:wZwfW3scLgRK+23gO65QZefKpKQRnfz6sD981Nm4B6U=
go.yaml.in/yaml/v3 v3.0.4 h1:tfq32ie2Jv2UxXFdLJdh3jXuOzWiL1fo0bu/FbuKpbc=
go.yaml.in/yaml/v3 v3.0.4/go.mod h1:DhzuOOF2ATzADvBadXxruRBLzYTpT36CKvDb3+aBEFg=
golang.org/x/exp v0.0.0-20260218203240-3dfff04db8fa h1:Zt3DZoOFFYkKhDT3v7Lm9FDMEV06GpzjG2jrqW+QTE0=
golang.org/x/exp v0.0.0-20260218203240-3dfff04db8fa/go.mod h1:K79w1Vqn7PoiZn+TkNpx3BUWUQksGO3JcVX6qIjytmA=
golang.org/x/sync v0.19.0 h1:vV+1eWNmZ5geRlYjzm2adRgW2/mcpevXNg50YZtPCE4=
golang.org/x/sync v0.19.0/go.mod h1:9KTHXmSnoGruLpwFjVSX0lNNA75CykiMECbovNTZqGI=
golang.org/x/text v0.34.0 h1:oL/Qq0Kdaqxa1KbNeMKwQq0reLCCaFtqu2eNuSeNHbk=
golang.org/x/text v0.34.0/go.mod h1:homfLqTYRFyVYemLBFl5GgL/DWEiH5wcsQ5gSh1yziA=
google.golang.org/genproto/googleapis/api v0.0.0-20260504160031-60b97b32f348 h1:U8orV30l6KpDsi9dxU0CoJZGbjS8EEpw+6ba+XwGPQA=
google.golang.org/genproto/googleapis/api v0.0.0-20260504160031-60b97b32f348/go.mod h1:Yzdzr5OOZFgSsEV2D/Xi9NL3bszpXFAg0hFJiRohcD8=
google.golang.org/genproto/googleapis/rpc v0.0.0-20260427160629-7cedc36a6bc4 h1:tEkOQcXgF6dH1G+MVKZrfpYvozGrzb91k6ha7jireSM=
google.golang.org/genproto/googleapis/rpc v0.0.0-20260427160629-7cedc36a6bc4/go.mod h1:4Hqkh8ycfw05ld/3BWL7rJOSfebL2Q+DVDeRgYgxUU8=
google.golang.org/protobuf v1.36.11 h1:fV6ZwhNocDyBLK0dj+fg8ektcVegBBuEolpbTQyBNVE=
google.golang.org/protobuf v1.36.11/go.mod h1:HTf+CrKn2C3g5S8VImy6tdcUvCska2kB7j23XfzDpco=
gopkg.in/check.v1 v0.0.0-20161208181325-20d25e280405/go.mod h1:Co6ibVJAznAaIkqp8huTwlJQCZ016jof/cbN4VW5Yz0=
gopkg.in/check.v1 v1.0.0-20190902080502-41f04d3bba15 h1:YR8cESwS4TdDjEe65xsg0ogRM/Nc3DYOhEAlW+xobZo=
gopkg.in/check.v1 v1.0.0-20190902080502-41f04d3bba15/go.mod h1:Co6ibVJAznAaIkqp8huTwlJQCZ016jof/cbN4VW5Yz0=
gopkg.in/yaml.v3 v3.0.1 h1:fxVm/GzAzEWqLHuvctI91KS9hhNmmWOoWu0XTYJS7CA=
gopkg.in/yaml.v3 v3.0.1/go.mod h1:K4uyk7z7BCEPqu6E+C64Yfv1cQ7kz7rIZviUmN+EgEM=
